
Microsoft Visual Studio Solution File, Format Version 12.00
Project("{FAE04EC0-301F-11D3-BF4B-00C04F79EFBC}") = "Sample.Api", "Sample.Api\Sample.Api.csproj", "{D6141D32-7014-43B1-B6D5-E3262D3F3EDD}"
EndProject
Project("{FAE04EC0-301F-11D3-BF4B-00C04F79EFBC}") = "Sample.Contracts", "Sample.Contracts\Sample.Contracts.csproj", "{0378E5AE-5644-4245-A7CD-59CB8CC80465}"
EndProject
Project("{FAE04EC0-301F-11D3-BF4B-00C04F79EFBC}") = "Sample.Components", "Sample.Components\Sample.Components.csproj", "{1FFB8323-69F5-4E01-A490-52E1314BD2DA}"
EndProject
Project("{FAE04EC0-301F-11D3-BF4B-00C04F79EFBC}") = "Sample.Service", "Sample.Service\Sample.Service.csproj", "{E54A7DD3-77AF-4513-B65F-E09876125D0E}"
EndProject
Project("{FAE04EC0-301F-11D3-BF4B-00C04F79EFBC}") = "Sample.Components.Test", "Sample.Components.Test\Sample.Components.Test.csproj", "{1B84C006-2296-4CDC-AEDF-69553891C232}"
EndProject
Project("{2150E333-8FDC-42A3-9474-1A3956D46DE8}") = "Warehouse", "Warehouse", "{0C8F89E0-139F-4D1D-A09D-D84339B34607}"
EndProject
Project("{FAE04EC0-301F-11D3-BF4B-00C04F79EFBC}") = "Warehouse.Contracts", "Warehouse.Contracts\Warehouse.Contracts.csproj", "{61647CD5-53A6-48BC-A0C2-467E24DFCFB5}"
EndProject
Project("{FAE04EC0-301F-11D3-BF4B-00C04F79EFBC}") = "Warehouse.Service", "Warehouse.Service\Warehouse.Service.csproj", "{7FD58B62-96E7-42D8-8DAB-A43432D5A692}"
EndProject
Project("{FAE04EC0-301F-11D3-BF4B-00C04F79EFBC}") = "Warehouse.Components", "Warehouse.Components\Warehouse.Components.csproj", "{1D7ACD28-9619-448F-AE59-19F42CF924F2}"
EndProject
Project("{2150E333-8FDC-42A3-9474-1A3956D46DE8}") = "Quartz.Tutorial", "Quartz.Tutorial", "{D55BD7D0-ED75-4CE0-941A-03CA51560CA0}"
EndProject
Project("{FAE04EC0-301F-11D3-BF4B-00C04F79EFBC}") = "HelloQuartzWorker", "HelloQuartzWorker\HelloQuartzWorker.csproj", "{5DA45F8F-A9E3-4938-9007-5E9D81557A36}"
EndProject
Project("{FAE04EC0-301F-11D3-BF4B-00C04F79EFBC}") = "Sample.Quartz.Service", "Sample.Quartz.Service\Sample.Quartz.Service.csproj", "{750EB26B-4F73-4264-9085-98D3D400B8CB}"
EndProject
Global
	GlobalSection(SolutionConfigurationPlatforms) = preSolution
		Debug|Any CPU = Debug|Any CPU
		Release|Any CPU = Release|Any CPU
	EndGlobalSection
	GlobalSection(ProjectConfigurationPlatforms) = postSolution
		{D6141D32-7014-43B1-B6D5-E3262D3F3EDD}.Debug|Any CPU.ActiveCfg = Debug|Any CPU
		{D6141D32-7014-43B1-B6D5-E3262D3F3EDD}.Debug|Any CPU.Build.0 = Debug|Any CPU
		{D6141D32-7014-43B1-B6D5-E3262D3F3EDD}.Release|Any CPU.ActiveCfg = Release|Any CPU
		{D6141D32-7014-43B1-B6D5-E3262D3F3EDD}.Release|Any CPU.Build.0 = Release|Any CPU
		{0378E5AE-5644-4245-A7CD-59CB8CC80465}.Debug|Any CPU.ActiveCfg = Debug|Any CPU
		{0378E5AE-5644-4245-A7CD-59CB8CC80465}.Debug|Any CPU.Build.0 = Debug|Any CPU
		{0378E5AE-5644-4245-A7CD-59CB8CC80465}.Release|Any CPU.ActiveCfg = Release|Any CPU
		{0378E5AE-5644-4245-A7CD-59CB8CC80465}.Release|Any CPU.Build.0 = Release|Any CPU
		{1FFB8323-69F5-4E01-A490-52E1314BD2DA}.Debug|Any CPU.ActiveCfg = Debug|Any CPU
		{1FFB8323-69F5-4E01-A490-52E1314BD2DA}.Debug|Any CPU.Build.0 = Debug|Any CPU
		{1FFB8323-69F5-4E01-A490-52E1314BD2DA}.Release|Any CPU.ActiveCfg = Release|Any CPU
		{1FFB8323-69F5-4E01-A490-52E1314BD2DA}.Release|Any CPU.Build.0 = Release|Any CPU
		{E54A7DD3-77AF-4513-B65F-E09876125D0E}.Debug|Any CPU.ActiveCfg = Debug|Any CPU
		{E54A7DD3-77AF-4513-B65F-E09876125D0E}.Debug|Any CPU.Build.0 = Debug|Any CPU
		{E54A7DD3-77AF-4513-B65F-E09876125D0E}.Release|Any CPU.ActiveCfg = Release|Any CPU
		{E54A7DD3-77AF-4513-B65F-E09876125D0E}.Release|Any CPU.Build.0 = Release|Any CPU
		{1B84C006-2296-4CDC-AEDF-69553891C232}.Debug|Any CPU.ActiveCfg = Debug|Any CPU
		{1B84C006-2296-4CDC-AEDF-69553891C232}.Debug|Any CPU.Build.0 = Debug|Any CPU
		{1B84C006-2296-4CDC-AEDF-69553891C232}.Release|Any CPU.ActiveCfg = Release|Any CPU
		{1B84C006-2296-4CDC-AEDF-69553891C232}.Release|Any CPU.Build.0 = Release|Any CPU
		{61647CD5-53A6-48BC-A0C2-467E24DFCFB5}.Debug|Any CPU.ActiveCfg = Debug|Any CPU
		{61647CD5-53A6-48BC-A0C2-467E24DFCFB5}.Debug|Any CPU.Build.0 = Debug|Any CPU
		{61647CD5-53A6-48BC-A0C2-467E24DFCFB5}.Release|Any CPU.ActiveCfg = Release|Any CPU
		{61647CD5-53A6-48BC-A0C2-467E24DFCFB5}.Release|Any CPU.Build.0 = Release|Any CPU
		{7FD58B62-96E7-42D8-8DAB-A43432D5A692}.Debug|Any CPU.ActiveCfg = Debug|Any CPU
		{7FD58B62-96E7-42D8-8DAB-A43432D5A692}.Debug|Any CPU.Build.0 = Debug|Any CPU
		{7FD58B62-96E7-42D8-8DAB-A43432D5A692}.Release|Any CPU.ActiveCfg = Release|Any CPU
		{7FD58B62-96E7-42D8-8DAB-A43432D5A692}.Release|Any CPU.Build.0 = Release|Any CPU
		{1D7ACD28-9619-448F-AE59-19F42CF924F2}.Debug|Any CPU.ActiveCfg = Debug|Any CPU
		{1D7ACD28-9619-448F-AE59-19F42CF924F2}.Debug|Any CPU.Build.0 = Debug|Any CPU
		{1D7ACD28-9619-448F-AE59-19F42CF924F2}.Release|Any CPU.ActiveCfg = Release|Any CPU
		{1D7ACD28-9619-448F-AE59-19F42CF924F2}.Release|Any CPU.Build.0 = Release|Any CPU
		{5DA45F8F-A9E3-4938-9007-5E9D81557A36}.Debug|Any CPU.ActiveCfg = Debug|Any CPU
		{5DA45F8F-A9E3-4938-9007-5E9D81557A36}.Debug|Any CPU.Build.0 = Debug|Any CPU
		{5DA45F8F-A9E3-4938-9007-5E9D81557A36}.Release|Any CPU.ActiveCfg = Release|Any CPU
		{5DA45F8F-A9E3-4938-9007-5E9D81557A36}.Release|Any CPU.Build.0 = Release|Any CPU
		{750EB26B-4F73-4264-9085-98D3D400B8CB}.Debug|Any CPU.ActiveCfg = Debug|Any CPU
		{750EB26B-4F73-4264-9085-98D3D400B8CB}.Debug|Any CPU.Build.0 = Debug|Any CPU
		{750EB26B-4F73-4264-9085-98D3D400B8CB}.Release|Any CPU.ActiveCfg = Release|Any CPU
		{750EB26B-4F73-4264-9085-98D3D400B8CB}.Release|Any CPU.Build.0 = Release|Any CPU
	EndGlobalSection
	GlobalSection(NestedProjects) = preSolution
		{61647CD5-53A6-48BC-A0C2-467E24DFCFB5} = {0C8F89E0-139F-4D1D-A09D-D84339B34607}
		{7FD58B62-96E7-42D8-8DAB-A43432D5A692} = {0C8F89E0-139F-4D1D-A09D-D84339B34607}
		{1D7ACD28-9619-448F-AE59-19F42CF924F2} = {0C8F89E0-139F-4D1D-A09D-D84339B34607}
		{5DA45F8F-A9E3-4938-9007-5E9D81557A36} = {D55BD7D0-ED75-4CE0-941A-03CA51560CA0}
	EndGlobalSection
EndGlobal
