
Microsoft Visual Studio Solution File, Format Version 12.00
Project("{FAE04EC0-301F-11D3-BF4B-00C04F79EFBC}") = "Sample.Api", "Sample.Api\Sample.Api.csproj", "{D6141D32-7014-43B1-B6D5-E3262D3F3EDD}"
EndProject
Project("{FAE04EC0-301F-11D3-BF4B-00C04F79EFBC}") = "Sample.Contracts", "Sample.Contracts\Sample.Contracts.csproj", "{0378E5AE-5644-4245-A7CD-59CB8CC80465}"
EndProject
Project("{FAE04EC0-301F-11D3-BF4B-00C04F79EFBC}") = "Sample.Components", "Sample.Components\Sample.Components.csproj", "{1FFB8323-69F5-4E01-A490-52E1314BD2DA}"
EndProject
Project("{FAE04EC0-301F-11D3-BF4B-00C04F79EFBC}") = "Sample.Service", "Sample.Service\Sample.Service.csproj", "{E54A7DD3-77AF-4513-B65F-E09876125D0E}"
EndProject
Project("{FAE04EC0-301F-11D3-BF4B-00C04F79EFBC}") = "Sample.Components.Test", "Sample.Components.Test\Sample.Components.Test.csproj", "{1B84C006-2296-4CDC-AEDF-69553891C232}"
EndProject
Global
	GlobalSection(SolutionConfigurationPlatforms) = preSolution
		Debug|Any CPU = Debug|Any CPU
		Release|Any CPU = Release|Any CPU
	EndGlobalSection
	GlobalSection(ProjectConfigurationPlatforms) = postSolution
		{D6141D32-7014-43B1-B6D5-E3262D3F3EDD}.Debug|Any CPU.ActiveCfg = Debug|Any CPU
		{D6141D32-7014-43B1-B6D5-E3262D3F3EDD}.Debug|Any CPU.Build.0 = Debug|Any CPU
		{D6141D32-7014-43B1-B6D5-E3262D3F3EDD}.Release|Any CPU.ActiveCfg = Release|Any CPU
		{D6141D32-7014-43B1-B6D5-E3262D3F3EDD}.Release|Any CPU.Build.0 = Release|Any CPU
		{0378E5AE-5644-4245-A7CD-59CB8CC80465}.Debug|Any CPU.ActiveCfg = Debug|Any CPU
		{0378E5AE-5644-4245-A7CD-59CB8CC80465}.Debug|Any CPU.Build.0 = Debug|Any CPU
		{0378E5AE-5644-4245-A7CD-59CB8CC80465}.Release|Any CPU.ActiveCfg = Release|Any CPU
		{0378E5AE-5644-4245-A7CD-59CB8CC80465}.Release|Any CPU.Build.0 = Release|Any CPU
		{1FFB8323-69F5-4E01-A490-52E1314BD2DA}.Debug|Any CPU.ActiveCfg = Debug|Any CPU
		{1FFB8323-69F5-4E01-A490-52E1314BD2DA}.Debug|Any CPU.Build.0 = Debug|Any CPU
		{1FFB8323-69F5-4E01-A490-52E1314BD2DA}.Release|Any CPU.ActiveCfg = Release|Any CPU
		{1FFB8323-69F5-4E01-A490-52E1314BD2DA}.Release|Any CPU.Build.0 = Release|Any CPU
		{E54A7DD3-77AF-4513-B65F-E09876125D0E}.Debug|Any CPU.ActiveCfg = Debug|Any CPU
		{E54A7DD3-77AF-4513-B65F-E09876125D0E}.Debug|Any CPU.Build.0 = Debug|Any CPU
		{E54A7DD3-77AF-4513-B65F-E09876125D0E}.Release|Any CPU.ActiveCfg = Release|Any CPU
		{E54A7DD3-77AF-4513-B65F-E09876125D0E}.Release|Any CPU.Build.0 = Release|Any CPU
		{1B84C006-2296-4CDC-AEDF-69553891C232}.Debug|Any CPU.ActiveCfg = Debug|Any CPU
		{1B84C006-2296-4CDC-AEDF-69553891C232}.Debug|Any CPU.Build.0 = Debug|Any CPU
		{1B84C006-2296-4CDC-AEDF-69553891C232}.Release|Any CPU.ActiveCfg = Release|Any CPU
		{1B84C006-2296-4CDC-AEDF-69553891C232}.Release|Any CPU.Build.0 = Release|Any CPU
	EndGlobalSection
EndGlobal
