
Microsoft Visual Studio Solution File, Format Version 12.00
Project("{FAE04EC0-301F-11D3-BF4B-00C04F79EFBC}") = "Sample.Api", "Sample.Api\Sample.Api.csproj", "{D6141D32-7014-43B1-B6D5-E3262D3F3EDD}"
EndProject
Project("{FAE04EC0-301F-11D3-BF4B-00C04F79EFBC}") = "Sample.Contracts", "Sample.Contracts\Sample.Contracts.csproj", "{0378E5AE-5644-4245-A7CD-59CB8CC80465}"
EndProject
Project("{FAE04EC0-301F-11D3-BF4B-00C04F79EFBC}") = "Sample.Components", "Sample.Components\Sample.Components.csproj", "{1FFB8323-69F5-4E01-A490-52E1314BD2DA}"
EndProject
Project("{FAE04EC0-301F-11D3-BF4B-00C04F79EFBC}") = "Sample.Service", "Sample.Service\Sample.Service.csproj", "{E54A7DD3-77AF-4513-B65F-E09876125D0E}"
EndProject
Project("{FAE04EC0-301F-11D3-BF4B-00C04F79EFBC}") = "Sample.Components.Test", "Sample.Components.Test\Sample.Components.Test.csproj", "{1B84C006-2296-4CDC-AEDF-69553891C232}"
EndProject
Project("{2150E333-8FDC-42A3-9474-1A3956D46DE8}") = "Warehouse", "Warehouse", "{0C8F89E0-139F-4D1D-A09D-D84339B34607}"
EndProject
Project("{FAE04EC0-301F-11D3-BF4B-00C04F79EFBC}") = "Warehouse.Contracts", "Warehouse.Contracts\Warehouse.Contracts.csproj", "{61647CD5-53A6-48BC-A0C2-467E24DFCFB5}"
EndProject
Project("{FAE04EC0-301F-11D3-BF4B-00C04F79EFBC}") = "Warehouse.Service", "Warehouse.Service\Warehouse.Service.csproj", "{7FD58B62-96E7-42D8-8DAB-A43432D5A692}"
EndProject
Project("{FAE04EC0-301F-11D3-BF4B-00C04F79EFBC}") = "Warehouse.Components", "Warehouse.Components\Warehouse.Components.csproj", "{1D7ACD28-9619-448F-AE59-19F42CF924F2}"
EndProject
Project("{2150E333-8FDC-42A3-9474-1A3956D46DE8}") = "Quartz.Tutorial", "Quartz.Tutorial", "{D55BD7D0-ED75-4CE0-941A-03CA51560CA0}"
EndProject
Project("{FAE04EC0-301F-11D3-BF4B-00C04F79EFBC}") = "HelloQuartzWorker", "HelloQuartzWorker\HelloQuartzWorker.csproj", "{5DA45F8F-A9E3-4938-9007-5E9D81557A36}"
EndProject
Project("{FAE04EC0-301F-11D3-BF4B-00C04F79EFBC}") = "Sample.Quartz.Service", "Sample.Quartz.Service\Sample.Quartz.Service.csproj", "{750EB26B-4F73-4264-9085-98D3D400B8CB}"
EndProject
Project("{FAE04EC0-301F-11D3-BF4B-00C04F79EFBC}") = "Sample.Client.BatchOrder", "Sample.Client.BatchOrder\Sample.Client.BatchOrder.csproj", "{F1FDC859-B7B1-4B6B-A6E6-A1F052062529}"
EndProject
Project("{2150E333-8FDC-42A3-9474-1A3956D46DE8}") = "Sample.Platforms", "Sample.Platforms", "{40BB5BAF-382B-4EB1-8C25-926B0AC6B2DD}"
ProjectSection(SolutionItems) = preProject
	Sample.Platforms\docker-compose.yml = Sample.Platforms\docker-compose.yml
EndProjectSection
EndProject
Project("{FAE04EC0-301F-11D3-BF4B-00C04F79EFBC}") = "Sample.Platform", "Sample.Platforms\Sample.Platform\Sample.Platform.csproj", "{376A85A9-8D12-4AD6-A4D0-1C9CB22C0F98}"
EndProject
Project("{FAE04EC0-301F-11D3-BF4B-00C04F79EFBC}") = "Sample.Platform.Test", "Sample.Platforms\Sample.Platform.Test\Sample.Platform.Test.csproj", "{F54D7671-D1D7-4567-B2EA-321772C50742}"
EndProject
Project("{FAE04EC0-301F-11D3-BF4B-00C04F79EFBC}") = "Sample.Platform.Client", "Sample.Platforms\Sample.Platform.Client\Sample.Platform.Client.csproj", "{6A754AAE-09DD-4428-AC91-7BA0B342566A}"
EndProject
Project("{2150E333-8FDC-42A3-9474-1A3956D46DE8}") = "Sample.System", "Sample.System", "{2A7EFF1B-2195-488C-B3FA-73331D417F8E}"
EndProject
Project("{2150E333-8FDC-42A3-9474-1A3956D46DE8}") = "Understanding.RabbitMQ", "Understanding.RabbitMQ", "{E2AD0741-9D26-4C75-BE3D-231F9D85FD39}"
EndProject
Project("{FAE04EC0-301F-11D3-BF4B-00C04F79EFBC}") = "Rabbit.Details", "Rabbit.Details\Rabbit.Details.csproj", "{65D26A95-A107-40EE-9A63-DBDD686A285E}"
EndProject
Project("{FAE04EC0-301F-11D3-BF4B-00C04F79EFBC}") = "Rabbit.Details.Client", "Rabbit.Details.Client\Rabbit.Details.Client.csproj", "{01F183E1-4E46-49A4-B647-C53F9245C8E0}"
EndProject
Project("{2150E333-8FDC-42A3-9474-1A3956D46DE8}") = "TrashiLantis", "TrashiLantis", "{49CAD20D-1704-4789-B283-5DA2A73F4A14}"
EndProject
Project("{FAE04EC0-301F-11D3-BF4B-00C04F79EFBC}") = "TrashLantis.Contracts", "TrashLantis.Contracts\TrashLantis.Contracts.csproj", "{BD2EBF72-51F3-4792-BF0D-FC8AF2844D40}"
EndProject
Project("{FAE04EC0-301F-11D3-BF4B-00C04F79EFBC}") = "TrashLantis.Api", "TrashLantis.Api\TrashLantis.Api.csproj", "{DCEC556D-6456-4225-9521-F755A7D95DF4}"
EndProject
Project("{FAE04EC0-301F-11D3-BF4B-00C04F79EFBC}") = "TrashLantis.Components", "TrashLantis.Components\TrashLantis.Components.csproj", "{1388A776-749C-4C0E-B1E8-79E4F696E2A8}"
EndProject
Project("{FAE04EC0-301F-11D3-BF4B-00C04F79EFBC}") = "TrashLantis.Service", "TrashLantis.Service\TrashLantis.Service.csproj", "{7CDE8C7B-45DC-412F-9955-56B80D67755F}"
EndProject
Global
	GlobalSection(SolutionConfigurationPlatforms) = preSolution
		Debug|Any CPU = Debug|Any CPU
		Release|Any CPU = Release|Any CPU
	EndGlobalSection
	GlobalSection(ProjectConfigurationPlatforms) = postSolution
		{D6141D32-7014-43B1-B6D5-E3262D3F3EDD}.Debug|Any CPU.ActiveCfg = Debug|Any CPU
		{D6141D32-7014-43B1-B6D5-E3262D3F3EDD}.Debug|Any CPU.Build.0 = Debug|Any CPU
		{D6141D32-7014-43B1-B6D5-E3262D3F3EDD}.Release|Any CPU.ActiveCfg = Release|Any CPU
		{D6141D32-7014-43B1-B6D5-E3262D3F3EDD}.Release|Any CPU.Build.0 = Release|Any CPU
		{0378E5AE-5644-4245-A7CD-59CB8CC80465}.Debug|Any CPU.ActiveCfg = Debug|Any CPU
		{0378E5AE-5644-4245-A7CD-59CB8CC80465}.Debug|Any CPU.Build.0 = Debug|Any CPU
		{0378E5AE-5644-4245-A7CD-59CB8CC80465}.Release|Any CPU.ActiveCfg = Release|Any CPU
		{0378E5AE-5644-4245-A7CD-59CB8CC80465}.Release|Any CPU.Build.0 = Release|Any CPU
		{1FFB8323-69F5-4E01-A490-52E1314BD2DA}.Debug|Any CPU.ActiveCfg = Debug|Any CPU
		{1FFB8323-69F5-4E01-A490-52E1314BD2DA}.Debug|Any CPU.Build.0 = Debug|Any CPU
		{1FFB8323-69F5-4E01-A490-52E1314BD2DA}.Release|Any CPU.ActiveCfg = Release|Any CPU
		{1FFB8323-69F5-4E01-A490-52E1314BD2DA}.Release|Any CPU.Build.0 = Release|Any CPU
		{E54A7DD3-77AF-4513-B65F-E09876125D0E}.Debug|Any CPU.ActiveCfg = Debug|Any CPU
		{E54A7DD3-77AF-4513-B65F-E09876125D0E}.Debug|Any CPU.Build.0 = Debug|Any CPU
		{E54A7DD3-77AF-4513-B65F-E09876125D0E}.Release|Any CPU.ActiveCfg = Release|Any CPU
		{E54A7DD3-77AF-4513-B65F-E09876125D0E}.Release|Any CPU.Build.0 = Release|Any CPU
		{1B84C006-2296-4CDC-AEDF-69553891C232}.Debug|Any CPU.ActiveCfg = Debug|Any CPU
		{1B84C006-2296-4CDC-AEDF-69553891C232}.Debug|Any CPU.Build.0 = Debug|Any CPU
		{1B84C006-2296-4CDC-AEDF-69553891C232}.Release|Any CPU.ActiveCfg = Release|Any CPU
		{1B84C006-2296-4CDC-AEDF-69553891C232}.Release|Any CPU.Build.0 = Release|Any CPU
		{61647CD5-53A6-48BC-A0C2-467E24DFCFB5}.Debug|Any CPU.ActiveCfg = Debug|Any CPU
		{61647CD5-53A6-48BC-A0C2-467E24DFCFB5}.Debug|Any CPU.Build.0 = Debug|Any CPU
		{61647CD5-53A6-48BC-A0C2-467E24DFCFB5}.Release|Any CPU.ActiveCfg = Release|Any CPU
		{61647CD5-53A6-48BC-A0C2-467E24DFCFB5}.Release|Any CPU.Build.0 = Release|Any CPU
		{7FD58B62-96E7-42D8-8DAB-A43432D5A692}.Debug|Any CPU.ActiveCfg = Debug|Any CPU
		{7FD58B62-96E7-42D8-8DAB-A43432D5A692}.Debug|Any CPU.Build.0 = Debug|Any CPU
		{7FD58B62-96E7-42D8-8DAB-A43432D5A692}.Release|Any CPU.ActiveCfg = Release|Any CPU
		{7FD58B62-96E7-42D8-8DAB-A43432D5A692}.Release|Any CPU.Build.0 = Release|Any CPU
		{1D7ACD28-9619-448F-AE59-19F42CF924F2}.Debug|Any CPU.ActiveCfg = Debug|Any CPU
		{1D7ACD28-9619-448F-AE59-19F42CF924F2}.Debug|Any CPU.Build.0 = Debug|Any CPU
		{1D7ACD28-9619-448F-AE59-19F42CF924F2}.Release|Any CPU.ActiveCfg = Release|Any CPU
		{1D7ACD28-9619-448F-AE59-19F42CF924F2}.Release|Any CPU.Build.0 = Release|Any CPU
		{5DA45F8F-A9E3-4938-9007-5E9D81557A36}.Debug|Any CPU.ActiveCfg = Debug|Any CPU
		{5DA45F8F-A9E3-4938-9007-5E9D81557A36}.Debug|Any CPU.Build.0 = Debug|Any CPU
		{5DA45F8F-A9E3-4938-9007-5E9D81557A36}.Release|Any CPU.ActiveCfg = Release|Any CPU
		{5DA45F8F-A9E3-4938-9007-5E9D81557A36}.Release|Any CPU.Build.0 = Release|Any CPU
		{750EB26B-4F73-4264-9085-98D3D400B8CB}.Debug|Any CPU.ActiveCfg = Debug|Any CPU
		{750EB26B-4F73-4264-9085-98D3D400B8CB}.Debug|Any CPU.Build.0 = Debug|Any CPU
		{750EB26B-4F73-4264-9085-98D3D400B8CB}.Release|Any CPU.ActiveCfg = Release|Any CPU
		{750EB26B-4F73-4264-9085-98D3D400B8CB}.Release|Any CPU.Build.0 = Release|Any CPU
		{F1FDC859-B7B1-4B6B-A6E6-A1F052062529}.Debug|Any CPU.ActiveCfg = Debug|Any CPU
		{F1FDC859-B7B1-4B6B-A6E6-A1F052062529}.Debug|Any CPU.Build.0 = Debug|Any CPU
		{F1FDC859-B7B1-4B6B-A6E6-A1F052062529}.Release|Any CPU.ActiveCfg = Release|Any CPU
		{F1FDC859-B7B1-4B6B-A6E6-A1F052062529}.Release|Any CPU.Build.0 = Release|Any CPU
		{376A85A9-8D12-4AD6-A4D0-1C9CB22C0F98}.Debug|Any CPU.ActiveCfg = Debug|Any CPU
		{376A85A9-8D12-4AD6-A4D0-1C9CB22C0F98}.Debug|Any CPU.Build.0 = Debug|Any CPU
		{376A85A9-8D12-4AD6-A4D0-1C9CB22C0F98}.Release|Any CPU.ActiveCfg = Release|Any CPU
		{376A85A9-8D12-4AD6-A4D0-1C9CB22C0F98}.Release|Any CPU.Build.0 = Release|Any CPU
		{F54D7671-D1D7-4567-B2EA-321772C50742}.Debug|Any CPU.ActiveCfg = Debug|Any CPU
		{F54D7671-D1D7-4567-B2EA-321772C50742}.Debug|Any CPU.Build.0 = Debug|Any CPU
		{F54D7671-D1D7-4567-B2EA-321772C50742}.Release|Any CPU.ActiveCfg = Release|Any CPU
		{F54D7671-D1D7-4567-B2EA-321772C50742}.Release|Any CPU.Build.0 = Release|Any CPU
		{6A754AAE-09DD-4428-AC91-7BA0B342566A}.Debug|Any CPU.ActiveCfg = Debug|Any CPU
		{6A754AAE-09DD-4428-AC91-7BA0B342566A}.Debug|Any CPU.Build.0 = Debug|Any CPU
		{6A754AAE-09DD-4428-AC91-7BA0B342566A}.Release|Any CPU.ActiveCfg = Release|Any CPU
		{6A754AAE-09DD-4428-AC91-7BA0B342566A}.Release|Any CPU.Build.0 = Release|Any CPU
		{65D26A95-A107-40EE-9A63-DBDD686A285E}.Debug|Any CPU.ActiveCfg = Debug|Any CPU
		{65D26A95-A107-40EE-9A63-DBDD686A285E}.Debug|Any CPU.Build.0 = Debug|Any CPU
		{65D26A95-A107-40EE-9A63-DBDD686A285E}.Release|Any CPU.ActiveCfg = Release|Any CPU
		{65D26A95-A107-40EE-9A63-DBDD686A285E}.Release|Any CPU.Build.0 = Release|Any CPU
		{01F183E1-4E46-49A4-B647-C53F9245C8E0}.Debug|Any CPU.ActiveCfg = Debug|Any CPU
		{01F183E1-4E46-49A4-B647-C53F9245C8E0}.Debug|Any CPU.Build.0 = Debug|Any CPU
		{01F183E1-4E46-49A4-B647-C53F9245C8E0}.Release|Any CPU.ActiveCfg = Release|Any CPU
		{01F183E1-4E46-49A4-B647-C53F9245C8E0}.Release|Any CPU.Build.0 = Release|Any CPU
		{BD2EBF72-51F3-4792-BF0D-FC8AF2844D40}.Debug|Any CPU.ActiveCfg = Debug|Any CPU
		{BD2EBF72-51F3-4792-BF0D-FC8AF2844D40}.Debug|Any CPU.Build.0 = Debug|Any CPU
		{BD2EBF72-51F3-4792-BF0D-FC8AF2844D40}.Release|Any CPU.ActiveCfg = Release|Any CPU
		{BD2EBF72-51F3-4792-BF0D-FC8AF2844D40}.Release|Any CPU.Build.0 = Release|Any CPU
		{DCEC556D-6456-4225-9521-F755A7D95DF4}.Debug|Any CPU.ActiveCfg = Debug|Any CPU
		{DCEC556D-6456-4225-9521-F755A7D95DF4}.Debug|Any CPU.Build.0 = Debug|Any CPU
		{DCEC556D-6456-4225-9521-F755A7D95DF4}.Release|Any CPU.ActiveCfg = Release|Any CPU
		{DCEC556D-6456-4225-9521-F755A7D95DF4}.Release|Any CPU.Build.0 = Release|Any CPU
		{1388A776-749C-4C0E-B1E8-79E4F696E2A8}.Debug|Any CPU.ActiveCfg = Debug|Any CPU
		{1388A776-749C-4C0E-B1E8-79E4F696E2A8}.Debug|Any CPU.Build.0 = Debug|Any CPU
		{1388A776-749C-4C0E-B1E8-79E4F696E2A8}.Release|Any CPU.ActiveCfg = Release|Any CPU
		{1388A776-749C-4C0E-B1E8-79E4F696E2A8}.Release|Any CPU.Build.0 = Release|Any CPU
		{7CDE8C7B-45DC-412F-9955-56B80D67755F}.Debug|Any CPU.ActiveCfg = Debug|Any CPU
		{7CDE8C7B-45DC-412F-9955-56B80D67755F}.Debug|Any CPU.Build.0 = Debug|Any CPU
		{7CDE8C7B-45DC-412F-9955-56B80D67755F}.Release|Any CPU.ActiveCfg = Release|Any CPU
		{7CDE8C7B-45DC-412F-9955-56B80D67755F}.Release|Any CPU.Build.0 = Release|Any CPU
	EndGlobalSection
	GlobalSection(NestedProjects) = preSolution
		{61647CD5-53A6-48BC-A0C2-467E24DFCFB5} = {0C8F89E0-139F-4D1D-A09D-D84339B34607}
		{7FD58B62-96E7-42D8-8DAB-A43432D5A692} = {0C8F89E0-139F-4D1D-A09D-D84339B34607}
		{1D7ACD28-9619-448F-AE59-19F42CF924F2} = {0C8F89E0-139F-4D1D-A09D-D84339B34607}
		{5DA45F8F-A9E3-4938-9007-5E9D81557A36} = {D55BD7D0-ED75-4CE0-941A-03CA51560CA0}
		{376A85A9-8D12-4AD6-A4D0-1C9CB22C0F98} = {40BB5BAF-382B-4EB1-8C25-926B0AC6B2DD}
		{F54D7671-D1D7-4567-B2EA-321772C50742} = {40BB5BAF-382B-4EB1-8C25-926B0AC6B2DD}
		{6A754AAE-09DD-4428-AC91-7BA0B342566A} = {40BB5BAF-382B-4EB1-8C25-926B0AC6B2DD}
		{D6141D32-7014-43B1-B6D5-E3262D3F3EDD} = {2A7EFF1B-2195-488C-B3FA-73331D417F8E}
		{F1FDC859-B7B1-4B6B-A6E6-A1F052062529} = {2A7EFF1B-2195-488C-B3FA-73331D417F8E}
		{1FFB8323-69F5-4E01-A490-52E1314BD2DA} = {2A7EFF1B-2195-488C-B3FA-73331D417F8E}
		{1B84C006-2296-4CDC-AEDF-69553891C232} = {2A7EFF1B-2195-488C-B3FA-73331D417F8E}
		{0378E5AE-5644-4245-A7CD-59CB8CC80465} = {2A7EFF1B-2195-488C-B3FA-73331D417F8E}
		{750EB26B-4F73-4264-9085-98D3D400B8CB} = {2A7EFF1B-2195-488C-B3FA-73331D417F8E}
		{E54A7DD3-77AF-4513-B65F-E09876125D0E} = {2A7EFF1B-2195-488C-B3FA-73331D417F8E}
		{0C8F89E0-139F-4D1D-A09D-D84339B34607} = {2A7EFF1B-2195-488C-B3FA-73331D417F8E}
		{65D26A95-A107-40EE-9A63-DBDD686A285E} = {E2AD0741-9D26-4C75-BE3D-231F9D85FD39}
		{01F183E1-4E46-49A4-B647-C53F9245C8E0} = {E2AD0741-9D26-4C75-BE3D-231F9D85FD39}
		{BD2EBF72-51F3-4792-BF0D-FC8AF2844D40} = {49CAD20D-1704-4789-B283-5DA2A73F4A14}
		{DCEC556D-6456-4225-9521-F755A7D95DF4} = {49CAD20D-1704-4789-B283-5DA2A73F4A14}
		{1388A776-749C-4C0E-B1E8-79E4F696E2A8} = {49CAD20D-1704-4789-B283-5DA2A73F4A14}
		{7CDE8C7B-45DC-412F-9955-56B80D67755F} = {49CAD20D-1704-4789-B283-5DA2A73F4A14}
	EndGlobalSection
EndGlobal
